
Microsoft Visual Studio Solution File, Format Version 12.00
# Visual Studio Version 16
VisualStudioVersion = 16.0.30907.101
MinimumVisualStudioVersion = 10.0.40219.1
Project("{9A19103F-16F7-4668-BE54-9A1E7A4F7556}") = "backend", "backend.csproj", "{1B0F3DFD-E7D9-4271-A078-B987BD5F476E}"
EndProject
Project("{9A19103F-16F7-4668-BE54-9A1E7A4F7556}") = "backend.tests", "tests\backend.tests\backend.tests.csproj", "{D0495D5C-3A8C-4F74-970B-118655643045}"
EndProject
Global
	GlobalSection(SolutionConfigurationPlatforms) = preSolution
		Debug|Any CPU = Debug|Any CPU
		Release|Any CPU = Release|Any CPU
	EndGlobalSection
	GlobalSection(ProjectConfigurationPlatforms) = postSolution
		{1B0F3DFD-E7D9-4271-A078-B987BD5F476E}.Debug|Any CPU.ActiveCfg = Debug|Any CPU
		{1B0F3DFD-E7D9-4271-A078-B987BD5F476E}.Debug|Any CPU.Build.0 = Debug|Any CPU
		{1B0F3DFD-E7D9-4271-A078-B987BD5F476E}.Release|Any CPU.ActiveCfg = Release|Any CPU
		{1B0F3DFD-E7D9-4271-A078-B987BD5F476E}.Release|Any CPU.Build.0 = Release|Any CPU
		{D0495D5C-3A8C-4F74-970B-118655643045}.Debug|Any CPU.ActiveCfg = Debug|Any CPU
		{D0495D5C-3A8C-4F74-970B-118655643045}.Debug|Any CPU.Build.0 = Debug|Any CPU
		{D0495D5C-3A8C-4F74-970B-118655643045}.Release|Any CPU.ActiveCfg = Release|Any CPU
		{D0495D5C-3A8C-4F74-970B-118655643045}.Release|Any CPU.Build.0 = Release|Any CPU
	EndGlobalSection
	GlobalSection(SolutionProperties) = preSolution
		HideSolutionNode = FALSE
	EndGlobalSection
	GlobalSection(ExtensibilityGlobals) = postSolution
		SolutionGuid = {616F0EBD-DE90-4B43-B3DC-C67D65613683}
	EndGlobalSection
EndGlobal
